{
  "name": "dsh-enterprise-ops",
  "version": "1.0.0",
  "lockfileVersion": 3,
  "requires": true,
  "packages": {
    "": {
      "name": "dsh-enterprise-ops",
      "version": "1.0.0",
      "workspaces": [
        "packages/*"
      ],
      "dependencies": {
        "@deepseek-ai/cordis": "^4.0.1"
      },
      "engines": {
        "node": ">=22.6"
      }
    },
    "node_modules/@deepseek-ai/cordis": {
      "version": "4.0.1",
      "resolved": "https://registry.npmjs.org/@deepseek-ai/cordis/-/cordis-4.0.1.tgz",
      "integrity": "sha512-YBdskTU2Po1kru3GgcUWUbkTsPMA9LkSQDAY8rBkFJeajdgcQad3QPJZE26JyK99Xb6HaASvoXg2DSUTeN/0Nw==",
      "license": "MIT",
      "dependencies": {
        "@deepseek-ai/cosmokit": "^1.8.2",
        "@standard-schema/spec": "^1.1.0"
      },
      "bin": {
        "cordis": "bin.js"
      },
      "peerDependencies": {
        "@deepseek-ai/cordis-plugin-include": "^1.0.6",
        "@deepseek-ai/cordis-plugin-loader": "^1.0.2"
      },
      "peerDependenciesMeta": {
        "@deepseek-ai/cordis-plugin-include": {
          "optional": true
        },
        "@deepseek-ai/cordis-plugin-loader": {
          "optional": true
        }
      }
    },
    "node_modules/@deepseek-ai/cosmokit": {
      "version": "1.8.2",
      "resolved": "https://registry.npmjs.org/@deepseek-ai/cosmokit/-/cosmokit-1.8.2.tgz",
      "integrity": "sha512-muBOKtSrUKU5m/xpq8ZXWL6hQ/jgd4PhU2PqH97bcxIiLEJfNwZOGQEx4t/aS/GgxRAR+ra9pMHPMtTHU4sqqA==",
      "license": "MIT"
    },
    "node_modules/@dsh-ops/platform-core": {
      "resolved": "packages/platform-core",
      "link": true
    },
    "node_modules/@dsh-ops/plugin-agent": {
      "resolved": "packages/plugin-agent",
      "link": true
    },
    "node_modules/@dsh-ops/plugin-app": {
      "resolved": "packages/plugin-app",
      "link": true
    },
    "node_modules/@dsh-ops/plugin-audit": {
      "resolved": "packages/plugin-audit",
      "link": true
    },
    "node_modules/@dsh-ops/plugin-authn": {
      "resolved": "packages/plugin-authn",
      "link": true
    },
    "node_modules/@dsh-ops/plugin-console": {
      "resolved": "packages/plugin-console",
      "link": true
    },
    "node_modules/@dsh-ops/plugin-iam": {
      "resolved": "packages/plugin-iam",
      "link": true
    },
    "node_modules/@dsh-ops/plugin-mcp": {
      "resolved": "packages/plugin-mcp",
      "link": true
    },
    "node_modules/@dsh-ops/plugin-resource-core": {
      "resolved": "packages/plugin-resource-core",
      "link": true
    },
    "node_modules/@dsh-ops/plugin-skillhub": {
      "resolved": "packages/plugin-skillhub",
      "link": true
    },
    "node_modules/@standard-schema/spec": {
      "version": "1.1.0",
      "resolved": "https://registry.npmjs.org/@standard-schema/spec/-/spec-1.1.0.tgz",
      "integrity": "sha512-l2aFy5jALhniG5HgqrD6jXLi/rUWrKvqN/qJx6yoJsgKhblVd+iqqU4RCXavm/jPityDo5TCvKMnpjKnOriy0w==",
      "license": "MIT"
    },
    "packages/platform-core": {
      "name": "@dsh-ops/platform-core",
      "version": "1.0.0"
    },
    "packages/plugin-agent": {
      "name": "@dsh-ops/plugin-agent",
      "version": "1.0.0"
    },
    "packages/plugin-app": {
      "name": "@dsh-ops/plugin-app",
      "version": "1.0.0"
    },
    "packages/plugin-audit": {
      "name": "@dsh-ops/plugin-audit",
      "version": "1.0.0"
    },
    "packages/plugin-authn": {
      "name": "@dsh-ops/plugin-authn",
      "version": "1.0.0"
    },
    "packages/plugin-console": {
      "name": "@dsh-ops/plugin-console",
      "version": "1.0.0"
    },
    "packages/plugin-iam": {
      "name": "@dsh-ops/plugin-iam",
      "version": "1.0.0"
    },
    "packages/plugin-mcp": {
      "name": "@dsh-ops/plugin-mcp",
      "version": "1.0.0"
    },
    "packages/plugin-resource-core": {
      "name": "@dsh-ops/plugin-resource-core",
      "version": "1.0.0"
    },
    "packages/plugin-skillhub": {
      "name": "@dsh-ops/plugin-skillhub",
      "version": "1.0.0"
    }
  }
}
